# THIS IS AN AUTOGENERATED FILE. DO NOT EDIT THIS FILE DIRECTLY.
# yarn lockfile v1


kiwi-schema@^0.4.7:
  version "0.4.7"
  resolved "https://registry.yarnpkg.com/kiwi-schema/-/kiwi-schema-0.4.7.tgz#1f326121010ebc40320cdf5320e832a59be942ee"
  integrity sha512-IpxBAobeEea4gQDHQD0wUA6IzhMM2sVZ82oeOrXZzVfGHiqGPSayGOVvaHotai4NsYUTUbryVsHsQnKa4cfPNg==

uzip@^0.20201231.0:
  version "0.20201231.0"
  resolved "https://registry.yarnpkg.com/uzip/-/uzip-0.20201231.0.tgz#9e64b065b9a8ebf26eb7583fe8e77e1d9a15ed14"
  integrity sha512-OZeJfZP+R0z9D6TmBgLq2LHzSSptGMGDGigGiEe0pr8UBe/7fdflgHlHBNDASTXB5jnFuxHpNaJywSg8YFeGng==
